{
  "requires": true,
  "lockfileVersion": 1,
  "dependencies": {
    "ngx-toastr": {
      "version": "11.3.0",
      "resolved": "https://registry.npmjs.org/ngx-toastr/-/ngx-toastr-11.3.0.tgz",
      "integrity": "sha512-GsrDO75N8DjNefUaI6qUqFfT6z/vdsQjcQqqiYMcXpr0GeaPF6eAlnNKLtLHTltjZ1MFRgjufoPDPLy0JiGB0w==",
      "requires": {
        "tslib": "^1.9.0"
      }
    },
    "tslib": {
      "version": "1.10.0",
      "resolved": "https://registry.npmjs.org/tslib/-/tslib-1.10.0.tgz",
      "integrity": "sha512-qOebF53frne81cf0S9B41ByenJ3/IuH8yJKngAX35CmiZySA0khhkovshKK+jGCaMnVomla7gVlIcc3EvKPbTQ=="
    }
  }
}
